// !$*UTF8*$!
{
	archiveVersion = 1;
	classes = {
	};
	objectVersion = 46;
	objects = {

/* Begin PBXBuildFile section */
		7E6BF58B1711E30E00CC3C32 /* UIKit.framework in Frameworks */ = {isa = PBXBuildFile; fileRef = 7E6BF58A1711E30E00CC3C32 /* UIKit.framework */; };
		7E6BF58D1711E30E00CC3C32 /* Foundation.framework in Frameworks */ = {isa = PBXBuildFile; fileRef = 7E6BF58C1711E30E00CC3C32 /* Foundation.framework */; };
		7E6BF58F1711E30E00CC3C32 /* CoreGraphics.framework in Frameworks */ = {isa = PBXBuildFile; fileRef = 7E6BF58E1711E30E00CC3C32 /* CoreGraphics.framework */; };
		7E6BF5951711E30E00CC3C32 /* InfoPlist.strings in Resources */ = {isa = PBXBuildFile; fileRef = 7E6BF5931711E30E00CC3C32 /* InfoPlist.strings */; };
		7E6BF5971711E30E00CC3C32 /* main.m in Sources */ = {isa = PBXBuildFile; fileRef = 7E6BF5961711E30E00CC3C32 /* main.m */; };
		7E6BF59B1711E30E00CC3C32 /* AppDelegate.m in Sources */ = {isa = PBXBuildFile; fileRef = 7E6BF59A1711E30E00CC3C32 /* AppDelegate.m */; };
		7E6BF59D1711E30E00CC3C32 /* Default.png in Resources */ = {isa = PBXBuildFile; fileRef = 7E6BF59C1711E30E00CC3C32 /* Default.png */; };
		7E6BF59F1711E30E00CC3C32 /* Default@2x.png in Resources */ = {isa = PBXBuildFile; fileRef = 7E6BF59E1711E30E00CC3C32 /* Default@2x.png */; };
		7E6BF5A11711E30E00CC3C32 /* Default-568h@2x.png in Resources */ = {isa = PBXBuildFile; fileRef = 7E6BF5A01711E30E00CC3C32 /* Default-568h@2x.png */; };
		7E6BF5A41711E30E00CC3C32 /* ViewController.m in Sources */ = {isa = PBXBuildFile; fileRef = 7E6BF5A31711E30E00CC3C32 /* ViewController.m */; };
		7E6BF5A71711E30E00CC3C32 /* ViewController.xib in Resources */ = {isa = PBXBuildFile; fileRef = 7E6BF5A51711E30E00CC3C32 /* ViewController.xib */; };
/* End PBXBuildFile section */

/* Begin PBXFileReference section */
		7E6BF5871711E30E00CC3C32 /* ARCMemoryTest.app */ = {isa = PBXFileReference; explicitFileType = wrapper.application; includeInIndex = 0; path = ARCMemoryTest.app; sourceTree = BUILT_PRODUCTS_DIR; };
		7E6BF58A1711E30E00CC3C32 /* UIKit.framework */ = {isa = PBXFileReference; lastKnownFileType = wrapper.framework; name = UIKit.framework; path = System/Library/Frameworks/UIKit.framework; sourceTree = SDKROOT; };
		7E6BF58C1711E30E00CC3C32 /* Foundation.framework */ = {isa = PBXFileReference; lastKnownFileType = wrapper.framework; name = Foundation.framework; path = System/Library/Frameworks/Foundation.framework; sourceTree = SDKROOT; };
		7E6BF58E1711E30E00CC3C32 /* CoreGraphics.framework */ = {isa = PBXFileReference; lastKnownFileType = wrapper.framework; name = CoreGraphics.framework; path = System/Library/Frameworks/CoreGraphics.framework; sourceTree = SDKROOT; };
		7E6BF5921711E30E00CC3C32 /* ARCMemoryTest-Info.plist */ = {isa = PBXFileReference; lastKnownFileType = text.plist.xml; path = "ARCMemoryTest-Info.plist"; sourceTree = "<group>"; };
		7E6BF5941711E30E00CC3C32 /* en */ = {isa = PBXFileReference; lastKnownFileType = text.plist.strings; name = en; path = en.lproj/InfoPlist.strings; sourceTree = "<group>"; };
		7E6BF5961711E30E00CC3C32 /* main.m */ = {isa = PBXFileReference; lastKnownFileType = sourcecode.c.objc; path = main.m; sourceTree = "<group>"; };
		7E6BF5981711E30E00CC3C32 /* ARCMemoryTest-Prefix.pch */ = {isa = PBXFileReference; lastKnownFileType = sourcecode.c.h; path = "ARCMemoryTest-Prefix.pch"; sourceTree = "<group>"; };
		7E6BF5991711E30E00CC3C32 /* AppDelegate.h */ = {isa = PBXFileReference; lastKnownFileType = sourcecode.c.h; path = AppDelegate.h; sourceTree = "<group>"; };
		7E6BF59A1711E30E00CC3C32 /* AppDelegate.m */ = {isa = PBXFileReference; lastKnownFileType = sourcecode.c.objc; path = AppDelegate.m; sourceTree = "<group>"; };
		7E6BF59C1711E30E00CC3C32 /* Default.png */ = {isa = PBXFileReference; lastKnownFileType = image.png; path = Default.png; sourceTree = "<group>"; };
		7E6BF59E1711E30E00CC3C32 /* Default@2x.png */ = {isa = PBXFileReference; lastKnownFileType = image.png; path = "Default@2x.png"; sourceTree = "<group>"; };
		7E6BF5A01711E30E00CC3C32 /* Default-568h@2x.png */ = {isa = PBXFileReference; lastKnownFileType = image.png; path = "Default-568h@2x.png"; sourceTree = "<group>"; };
		7E6BF5A21711E30E00CC3C32 /* ViewController.h */ = {isa = PBXFileReference; lastKnownFileType = sourcecode.c.h; path = ViewController.h; sourceTree = "<group>"; };
		7E6BF5A31711E30E00CC3C32 /* ViewController.m */ = {isa = PBXFileReference; lastKnownFileType = sourcecode.c.objc; path = ViewController.m; sourceTree = "<group>"; };
		7E6BF5A61711E30E00CC3C32 /* en */ = {isa = PBXFileReference; lastKnownFileType = file.xib; name = en; path = en.lproj/ViewController.xib; sourceTree = "<group>"; };
/* End PBXFileReference section */

/* Begin PBXFrameworksBuildPhase section */
		7E6BF5841711E30E00CC3C32 /* Frameworks */ = {
			isa = PBXFrameworksBuildPhase;
			buildActionMask = 2147483647;
			files = (
				7E6BF58B1711E30E00CC3C32 /* UIKit.framework in Frameworks */,
				7E6BF58D1711E30E00CC3C32 /* Foundation.framework in Frameworks */,
				7E6BF58F1711E30E00CC3C32 /* CoreGraphics.framework in Frameworks */,
			);
			runOnlyForDeploymentPostprocessing = 0;
		};
/* End PBXFrameworksBuildPhase section */

/* Begin PBXGroup section */
		7E6BF57E1711E30E00CC3C32 = {
			isa = PBXGroup;
			children = (
				7E6BF5901711E30E00CC3C32 /* ARCMemoryTest */,
				7E6BF5891711E30E00CC3C32 /* Frameworks */,
				7E6BF5881711E30E00CC3C32 /* Products */,
			);
			sourceTree = "<group>";
		};
		7E6BF5881711E30E00CC3C32 /* Products */ = {
			isa = PBXGroup;
			children = (
				7E6BF5871711E30E00CC3C32 /* ARCMemoryTest.app */,
			);
			name = Products;
			sourceTree = "<group>";
		};
		7E6BF5891711E30E00CC3C32 /* Frameworks */ = {
			isa = PBXGroup;
			children = (
				7E6BF58A1711E30E00CC3C32 /* UIKit.framework */,
				7E6BF58C1711E30E00CC3C32 /* Foundation.framework */,
				7E6BF58E1711E30E00CC3C32 /* CoreGraphics.framework */,
			);
			name = Frameworks;
			sourceTree = "<group>";
		};
		7E6BF5901711E30E00CC3C32 /* ARCMemoryTest */ = {
			isa = PBXGroup;
			children = (
				7E6BF5991711E30E00CC3C32 /* AppDelegate.h */,
				7E6BF59A1711E30E00CC3C32 /* AppDelegate.m */,
				7E6BF5A21711E30E00CC3C32 /* ViewController.h */,
				7E6BF5A31711E30E00CC3C32 /* ViewController.m */,
				7E6BF5A51711E30E00CC3C32 /* ViewController.xib */,
				7E6BF5911711E30E00CC3C32 /* Supporting Files */,
			);
			path = ARCMemoryTest;
			sourceTree = "<group>";
		};
		7E6BF5911711E30E00CC3C32 /* Supporting Files */ = {
			isa = PBXGroup;
			children = (
				7E6BF5921711E30E00CC3C32 /* ARCMemoryTest-Info.plist */,
				7E6BF5931711E30E00CC3C32 /* InfoPlist.strings */,
				7E6BF5961711E30E00CC3C32 /* main.m */,
				7E6BF5981711E30E00CC3C32 /* ARCMemoryTest-Prefix.pch */,
				7E6BF59C1711E30E00CC3C32 /* Default.png */,
				7E6BF59E1711E30E00CC3C32 /* Default@2x.png */,
				7E6BF5A01711E30E00CC3C32 /* Default-568h@2x.png */,
			);
			name = "Supporting Files";
			sourceTree = "<group>";
		};
/* End PBXGroup section */

/* Begin PBXNativeTarget section */
		7E6BF5861711E30E00CC3C32 /* ARCMemoryTest */ = {
			isa = PBXNativeTarget;
			buildConfigurationList = 7E6BF5AA1711E30E00CC3C32 /* Build configuration list for PBXNativeTarget "ARCMemoryTest" */;
			buildPhases = (
				7E6BF5831711E30E00CC3C32 /* Sources */,
				7E6BF5841711E30E00CC3C32 /* Frameworks */,
				7E6BF5851711E30E00CC3C32 /* Resources */,
			);
			buildRules = (
			);
			dependencies = (
			);
			name = ARCMemoryTest;
			productName = ARCMemoryTest;
			productReference = 7E6BF5871711E30E00CC3C32 /* ARCMemoryTest.app */;
			productType = "com.apple.product-type.application";
		};
/* End PBXNativeTarget section */

/* Begin PBXProject section */
		7E6BF57F1711E30E00CC3C32 /* Project object */ = {
			isa = PBXProject;
			attributes = {
				LastUpgradeCheck = 0460;
				ORGANIZATIONNAME = "Joshua Klun";
			};
			buildConfigurationList = 7E6BF5821711E30E00CC3C32 /* Build configuration list for PBXProject "ARCMemoryTest" */;
			compatibilityVersion = "Xcode 3.2";
			developmentRegion = English;
			hasScannedForEncodings = 0;
			knownRegions = (
				en,
			);
			mainGroup = 7E6BF57E1711E30E00CC3C32;
			productRefGroup = 7E6BF5881711E30E00CC3C32 /* Products */;
			projectDirPath = "";
			projectRoot = "";
			targets = (
				7E6BF5861711E30E00CC3C32 /* ARCMemoryTest */,
			);
		};
/* End PBXProject section */

/* Begin PBXResourcesBuildPhase section */
		7E6BF5851711E30E00CC3C32 /* Resources */ = {
			isa = PBXResourcesBuildPhase;
			buildActionMask = 2147483647;
			files = (
				7E6BF5951711E30E00CC3C32 /* InfoPlist.strings in Resources */,
				7E6BF59D1711E30E00CC3C32 /* Default.png in Resources */,
				7E6BF59F1711E30E00CC3C32 /* Default@2x.png in Resources */,
				7E6BF5A11711E30E00CC3C32 /* Default-568h@2x.png in Resources */,
				7E6BF5A71711E30E00CC3C32 /* ViewController.xib in Resources */,
			);
			runOnlyForDeploymentPostprocessing = 0;
		};
/* End PBXResourcesBuildPhase section */

/* Begin PBXSourcesBuildPhase section */
		7E6BF5831711E30E00CC3C32 /* Sources */ = {
			isa = PBXSourcesBuildPhase;
			buildActionMask = 2147483647;
			files = (
				7E6BF5971711E30E00CC3C32 /* main.m in Sources */,
				7E6BF59B1711E30E00CC3C32 /* AppDelegate.m in Sources */,
				7E6BF5A41711E30E00CC3C32 /* ViewController.m in Sources */,
			);
			runOnlyForDeploymentPostprocessing = 0;
		};
/* End PBXSourcesBuildPhase section */

/* Begin PBXVariantGroup section */
		7E6BF5931711E30E00CC3C32 /* InfoPlist.strings */ = {
			isa = PBXVariantGroup;
			children = (
				7E6BF5941711E30E00CC3C32 /* en */,
			);
			name = InfoPlist.strings;
			sourceTree = "<group>";
		};
		7E6BF5A51711E30E00CC3C32 /* ViewController.xib */ = {
			isa = PBXVariantGroup;
			children = (
				7E6BF5A61711E30E00CC3C32 /* en */,
			);
			name = ViewController.xib;
			sourceTree = "<group>";
		};
/* End PBXVariantGroup section */

/* Begin XCBuildConfiguration section */
		7E6BF5A81711E30E00CC3C32 /* Debug */ = {
			isa = XCBuildConfiguration;
			buildSettings = {
				ALWAYS_SEARCH_USER_PATHS = NO;
				CLANG_CXX_LANGUAGE_STANDARD = "gnu++0x";
				CLANG_CXX_LIBRARY = "libc++";
				CLANG_ENABLE_OBJC_ARC = YES;
				CLANG_WARN_CONSTANT_CONVERSION = YES;
				CLANG_WARN_EMPTY_BODY = YES;
				CLANG_WARN_ENUM_CONVERSION = YES;
				CLANG_WARN_INT_CONVERSION = YES;
				CLANG_WARN__DUPLICATE_METHOD_MATCH = YES;
				"CODE_SIGN_IDENTITY[sdk=iphoneos*]" = "iPhone Developer";
				COPY_PHASE_STRIP = NO;
				GCC_C_LANGUAGE_STANDARD = gnu99;
				GCC_DYNAMIC_NO_PIC = NO;
				GCC_OPTIMIZATION_LEVEL = 0;
				GCC_PREPROCESSOR_DEFINITIONS = (
					"DEBUG=1",
					"$(inherited)",
				);
				GCC_SYMBOLS_PRIVATE_EXTERN = NO;
				GCC_WARN_ABOUT_RETURN_TYPE = YES;
				GCC_WARN_UNINITIALIZED_AUTOS = YES;
				GCC_WARN_UNUSED_VARIABLE = YES;
				IPHONEOS_DEPLOYMENT_TARGET = 6.1;
				ONLY_ACTIVE_ARCH = YES;
				SDKROOT = iphoneos;
			};
			name = Debug;
		};
		7E6BF5A91711E30E00CC3C32 /* Release */ = {
			isa = XCBuildConfiguration;
			buildSettings = {
				ALWAYS_SEARCH_USER_PATHS = NO;
				CLANG_CXX_LANGUAGE_STANDARD = "gnu++0x";
				CLANG_CXX_LIBRARY = "libc++";
				CLANG_ENABLE_OBJC_ARC = YES;
				CLANG_WARN_CONSTANT_CONVERSION = YES;
				CLANG_WARN_EMPTY_BODY = YES;
				CLANG_WARN_ENUM_CONVERSION = YES;
				CLANG_WARN_INT_CONVERSION = YES;
				CLANG_WARN__DUPLICATE_METHOD_MATCH = YES;
				"CODE_SIGN_IDENTITY[sdk=iphoneos*]" = "iPhone Developer";
				COPY_PHASE_STRIP = YES;
				GCC_C_LANGUAGE_STANDARD = gnu99;
				GCC_WARN_ABOUT_RETURN_TYPE = YES;
				GCC_WARN_UNINITIALIZED_AUTOS = YES;
				GCC_WARN_UNUSED_VARIABLE = YES;
				IPHONEOS_DEPLOYMENT_TARGET = 6.1;
				OTHER_CFLAGS = "-DNS_BLOCK_ASSERTIONS=1";
				SDKROOT = iphoneos;
				VALIDATE_PRODUCT = YES;
			};
			name = Release;
		};
		7E6BF5AB1711E30E00CC3C32 /* Debug */ = {
			isa = XCBuildConfiguration;
			buildSettings = {
				GCC_PRECOMPILE_PREFIX_HEADER = YES;
				GCC_PREFIX_HEADER = "ARCMemoryTest/ARCMemoryTest-Prefix.pch";
				INFOPLIST_FILE = "ARCMemoryTest/ARCMemoryTest-Info.plist";
				PRODUCT_NAME = "$(TARGET_NAME)";
				WRAPPER_EXTENSION = app;
			};
			name = Debug;
		};
		7E6BF5AC1711E30E00CC3C32 /* Release */ = {
			isa = XCBuildConfiguration;
			buildSettings = {
				GCC_PRECOMPILE_PREFIX_HEADER = YES;
				GCC_PREFIX_HEADER = "ARCMemoryTest/ARCMemoryTest-Prefix.pch";
				INFOPLIST_FILE = "ARCMemoryTest/ARCMemoryTest-Info.plist";
				PRODUCT_NAME = "$(TARGET_NAME)";
				WRAPPER_EXTENSION = app;
			};
			name = Release;
		};
/* End XCBuildConfiguration section */

/* Begin XCConfigurationList section */
		7E6BF5821711E30E00CC3C32 /* Build configuration list for PBXProject "ARCMemoryTest" */ = {
			isa = XCConfigurationList;
			buildConfigurations = (
				7E6BF5A81711E30E00CC3C32 /* Debug */,
				7E6BF5A91711E30E00CC3C32 /* Release */,
			);
			defaultConfigurationIsVisible = 0;
			defaultConfigurationName = Release;
		};
		7E6BF5AA1711E30E00CC3C32 /* Build configuration list for PBXNativeTarget "ARCMemoryTest" */ = {
			isa = XCConfigurationList;
			buildConfigurations = (
				7E6BF5AB1711E30E00CC3C32 /* Debug */,
				7E6BF5AC1711E30E00CC3C32 /* Release */,
			);
			defaultConfigurationIsVisible = 0;
		};
/* End XCConfigurationList section */
	};
	rootObject = 7E6BF57F1711E30E00CC3C32 /* Project object */;
}
